
Microsoft Visual Studio Solution File, Format Version 12.00
# Visual Studio Version 16
VisualStudioVersion = 16.0.30011.22
MinimumVisualStudioVersion = 10.0.40219.1
Project("{FAE04EC0-301F-11D3-BF4B-00C04F79EFBC}") = "LaunchBridgelabzWebsite", "LaunchBridgelabzWebsite\LaunchBridgelabzWebsite.csproj", "{6452D95E-F835-433A-8281-432DC54742E5}"
EndProject
Project("{FAE04EC0-301F-11D3-BF4B-00C04F79EFBC}") = "LaunchTest", "LaunchTest\LaunchTest.csproj", "{235D95E1-76B6-4F96-BBA9-32BC6EB87296}"
EndProject
Global
	GlobalSection(SolutionConfigurationPlatforms) = preSolution
		Debug|Any CPU = Debug|Any CPU
		Release|Any CPU = Release|Any CPU
	EndGlobalSection
	GlobalSection(ProjectConfigurationPlatforms) = postSolution
		{6452D95E-F835-433A-8281-432DC54742E5}.Debug|Any CPU.ActiveCfg = Debug|Any CPU
		{6452D95E-F835-433A-8281-432DC54742E5}.Debug|Any CPU.Build.0 = Debug|Any CPU
		{6452D95E-F835-433A-8281-432DC54742E5}.Release|Any CPU.ActiveCfg = Release|Any CPU
		{6452D95E-F835-433A-8281-432DC54742E5}.Release|Any CPU.Build.0 = Release|Any CPU
		{235D95E1-76B6-4F96-BBA9-32BC6EB87296}.Debug|Any CPU.ActiveCfg = Debug|Any CPU
		{235D95E1-76B6-4F96-BBA9-32BC6EB87296}.Debug|Any CPU.Build.0 = Debug|Any CPU
		{235D95E1-76B6-4F96-BBA9-32BC6EB87296}.Release|Any CPU.ActiveCfg = Release|Any CPU
		{235D95E1-76B6-4F96-BBA9-32BC6EB87296}.Release|Any CPU.Build.0 = Release|Any CPU
	EndGlobalSection
	GlobalSection(SolutionProperties) = preSolution
		HideSolutionNode = FALSE
	EndGlobalSection
	GlobalSection(ExtensibilityGlobals) = postSolution
		SolutionGuid = {BD56DB58-C83D-4093-B8A8-E98A00CD7F64}
	EndGlobalSection
EndGlobal
